PODS:
  - Bolts/Tasks (1.9.0)
  - DateTools (2.0.0)
  - Highcharts (7.1.3)
  - MKDropdownMenu (1.4)
  - Parse (1.17.2):
    - Parse/Core (= 1.17.2)
  - Parse/Core (1.17.2):
    - Bolts/Tasks (~> 1.9)
  - XLPagerTabStrip (2.0.0)

DEPENDENCIES:
  - DateTools
  - Highcharts (~> 7.1.3)
  - MKDropdownMenu
  - Parse
  - XLPagerTabStrip (~> 2.0)

SPEC REPOS:
  https://github.com/cocoapods/specs.git:
    - Bolts
    - DateTools
    - Highcharts
    - MKDropdownMenu
    - Parse
    - XLPagerTabStrip

SPEC CHECKSUMS:
  Bolts: ac6567323eac61e203f6a9763667d0f711be34c8
  DateTools: 933ac9c490f21f92127cf690ccd8c397e0126caf
  Highcharts: b40663d1fea27270cefdc15f066f7234b3ec8195
  MKDropdownMenu: 269df4a41d21a1db684ce8bc709befe419fc5bae
  Parse: 3b31a3dd1777b07ee7f0caee32fafbff544483a5
  XLPagerTabStrip: 2c69b8e3208432a94e713c198ce597faad5a87bb

PODFILE CHECKSUM: b9d5bbfada8187161be964ebe2059f116f71ec73

COCOAPODS: 1.7.3
