// !$*UTF8*$!
{
	archiveVersion = 1;
	classes = {
	};
	objectVersion = 51;
	objects = {

/* Begin PBXBuildFile section */
		20FA3C43968E6F98CFC57992 /* Pods_snapcycleTests.framework in Frameworks */ = {isa = PBXBuildFile; fileRef = 40228DBD9FA8C985853BE112 /* Pods_snapcycleTests.framework */; };
		32B1E4290ADE7E9489A9DC27 /* Pods_snapcycle.framework in Frameworks */ = {isa = PBXBuildFile; fileRef = 59B548157ECDEB7F16DEA4FF /* Pods_snapcycle.framework */; };
		3610E8379548F00DD4A9937E /* Pods_snapcycleUITests.framework in Frameworks */ = {isa = PBXBuildFile; fileRef = E392621CD0CD837554F3211B /* Pods_snapcycleUITests.framework */; };
		844856F022DFBF7100CC5600 /* CategoriesCell.m in Sources */ = {isa = PBXBuildFile; fileRef = 844856EF22DFBF7100CC5600 /* CategoriesCell.m */; };
		8479E90C22DE5C6B009174E7 /* Trash.m in Sources */ = {isa = PBXBuildFile; fileRef = 8479E90B22DE5C6B009174E7 /* Trash.m */; };
		8479E90F22DE5F90009174E7 /* Category.m in Sources */ = {isa = PBXBuildFile; fileRef = 8479E90E22DE5F90009174E7 /* Category.m */; };
		8479E91522DE638E009174E7 /* SnapUser.m in Sources */ = {isa = PBXBuildFile; fileRef = 8479E91422DE638E009174E7 /* SnapUser.m */; };
		84EC731922E62A2F00F37CA5 /* PhotoLogCell.m in Sources */ = {isa = PBXBuildFile; fileRef = 84EC731822E62A2F00F37CA5 /* PhotoLogCell.m */; };
		84FB4A3222EA2BF300F6FB95 /* PhotoPopUpViewController.m in Sources */ = {isa = PBXBuildFile; fileRef = 84FB4A3122EA2BF300F6FB95 /* PhotoPopUpViewController.m */; };
		84FD569C22EF9C1900C5DBED /* CoreLocation.framework in Frameworks */ = {isa = PBXBuildFile; fileRef = 84FD569B22EF9C1900C5DBED /* CoreLocation.framework */; };
		B11D301422E6248400CA1A36 /* Competition.m in Sources */ = {isa = PBXBuildFile; fileRef = B11D301322E6248400CA1A36 /* Competition.m */; };
		B1320C4D22DE407E00A38B16 /* AppDelegate.m in Sources */ = {isa = PBXBuildFile; fileRef = B1320C4C22DE407E00A38B16 /* AppDelegate.m */; };
		B1320C5322DE407E00A38B16 /* Main.storyboard in Resources */ = {isa = PBXBuildFile; fileRef = B1320C5122DE407E00A38B16 /* Main.storyboard */; };
		B1320C5522DE407E00A38B16 /* Assets.xcassets in Resources */ = {isa = PBXBuildFile; fileRef = B1320C5422DE407E00A38B16 /* Assets.xcassets */; };
		B1320C5822DE407E00A38B16 /* LaunchScreen.storyboard in Resources */ = {isa = PBXBuildFile; fileRef = B1320C5622DE407E00A38B16 /* LaunchScreen.storyboard */; };
		B1320C5B22DE407E00A38B16 /* main.m in Sources */ = {isa = PBXBuildFile; fileRef = B1320C5A22DE407E00A38B16 /* main.m */; };
		B1320C6522DE407E00A38B16 /* snapcycleTests.m in Sources */ = {isa = PBXBuildFile; fileRef = B1320C6422DE407E00A38B16 /* snapcycleTests.m */; };
		B1320C7022DE407E00A38B16 /* snapcycleUITests.m in Sources */ = {isa = PBXBuildFile; fileRef = B1320C6F22DE407E00A38B16 /* snapcycleUITests.m */; };
		B1320C8022DE5BA200A38B16 /* LoginViewController.m in Sources */ = {isa = PBXBuildFile; fileRef = B1320C7F22DE5BA200A38B16 /* LoginViewController.m */; };
		B1320C8322DE5BF700A38B16 /* RegisterViewController.m in Sources */ = {isa = PBXBuildFile; fileRef = B1320C8222DE5BF700A38B16 /* RegisterViewController.m */; };
		B155009C22EA28A400FAFF8F /* CameraView.m in Sources */ = {isa = PBXBuildFile; fileRef = B155009B22EA28A400FAFF8F /* CameraView.m */; };
		B16C81EB22DE63C700E72713 /* CameraViewController.m in Sources */ = {isa = PBXBuildFile; fileRef = B16C81EA22DE63C700E72713 /* CameraViewController.m */; };
		B16C81EE22DE641B00E72713 /* ProfileViewController.m in Sources */ = {isa = PBXBuildFile; fileRef = B16C81ED22DE641B00E72713 /* ProfileViewController.m */; };
		B16C81F122DE643B00E72713 /* CategoriesViewController.m in Sources */ = {isa = PBXBuildFile; fileRef = B16C81F022DE643B00E72713 /* CategoriesViewController.m */; };
		B16C81F422DE70D800E72713 /* DetailsViewController.m in Sources */ = {isa = PBXBuildFile; fileRef = B16C81F322DE70D800E72713 /* DetailsViewController.m */; };
		B19CD90622E923CE008F9782 /* SourceSansPro-Regular.otf in Resources */ = {isa = PBXBuildFile; fileRef = B19CD90522E923CE008F9782 /* SourceSansPro-Regular.otf */; };
		B19CD90822E923EF008F9782 /* SourceSansPro-Light.otf in Resources */ = {isa = PBXBuildFile; fileRef = B19CD90722E923EF008F9782 /* SourceSansPro-Light.otf */; };
		B19CD90A22E923FA008F9782 /* SourceSansPro-Semibold.otf in Resources */ = {isa = PBXBuildFile; fileRef = B19CD90922E923FA008F9782 /* SourceSansPro-Semibold.otf */; };
		B1B9EDD022F0B22200C0A6F4 /* CompTabViewController.m in Sources */ = {isa = PBXBuildFile; fileRef = B1B9EDCF22F0B22200C0A6F4 /* CompTabViewController.m */; };
		B1B9EDD922F0B6C100C0A6F4 /* TodayCompViewController.m in Sources */ = {isa = PBXBuildFile; fileRef = B1B9EDD822F0B6C100C0A6F4 /* TodayCompViewController.m */; };
		B1B9EDDC22F0B6D100C0A6F4 /* YesterdayCompViewController.m in Sources */ = {isa = PBXBuildFile; fileRef = B1B9EDDB22F0B6D100C0A6F4 /* YesterdayCompViewController.m */; };
		B1B9EDE222F0F11D00C0A6F4 /* CompTabSegControl.m in Sources */ = {isa = PBXBuildFile; fileRef = B1B9EDE122F0F11D00C0A6F4 /* CompTabSegControl.m */; };
		B1E88DA422E7C48B004DB1F1 /* FocusFrame.m in Sources */ = {isa = PBXBuildFile; fileRef = B1E88DA322E7C48B004DB1F1 /* FocusFrame.m */; };
		B69CB8A222E2438900F6C390 /* TabBarController.m in Sources */ = {isa = PBXBuildFile; fileRef = B69CB8A122E2438900F6C390 /* TabBarController.m */; };
		B6CE94DE22EA50DD003B4732 /* CompetitionManager.m in Sources */ = {isa = PBXBuildFile; fileRef = B6CE94DD22EA50DD003B4732 /* CompetitionManager.m */; };
		B6CE94E122EB9A53003B4732 /* Badges.m in Sources */ = {isa = PBXBuildFile; fileRef = B6CE94E022EB9A53003B4732 /* Badges.m */; };
		B6CED37122E8D9160091B788 /* Competitor.m in Sources */ = {isa = PBXBuildFile; fileRef = B6CED37022E8D9160091B788 /* Competitor.m */; };
		B6E4F2D422F0EE1000C8B2AD /* RankingCell.m in Sources */ = {isa = PBXBuildFile; fileRef = B6E4F2D322F0EE1000C8B2AD /* RankingCell.m */; };
		B6E4F2D722F0EE1B00C8B2AD /* RankingXIB.xib in Resources */ = {isa = PBXBuildFile; fileRef = B6E4F2D622F0EE1B00C8B2AD /* RankingXIB.xib */; };
		B6E4F2DA22F36A5100C8B2AD /* CompetitionInfoPopUpViewController.m in Sources */ = {isa = PBXBuildFile; fileRef = B6E4F2D922F36A5100C8B2AD /* CompetitionInfoPopUpViewController.m */; };
		B6E4F2EA22F3B87700C8B2AD /* TutorialViewController.m in Sources */ = {isa = PBXBuildFile; fileRef = B6E4F2E522F3B87700C8B2AD /* TutorialViewController.m */; };
		B6E4F2EB22F3B87700C8B2AD /* TutChildViewController.m in Sources */ = {isa = PBXBuildFile; fileRef = B6E4F2E722F3B87700C8B2AD /* TutChildViewController.m */; };
		B6E4F2EC22F3B87700C8B2AD /* TutorialPageViewController.m in Sources */ = {isa = PBXBuildFile; fileRef = B6E4F2E922F3B87700C8B2AD /* TutorialPageViewController.m */; };
/* End PBXBuildFile section */

/* Begin PBXContainerItemProxy section */
		B1320C6122DE407E00A38B16 /* PBXContainerItemProxy */ = {
			isa = PBXContainerItemProxy;
			containerPortal = B1320C4022DE407E00A38B16 /* Project object */;
			proxyType = 1;
			remoteGlobalIDString = B1320C4722DE407E00A38B16;
			remoteInfo = snapcycle;
		};
		B1320C6C22DE407E00A38B16 /* PBXContainerItemProxy */ = {
			isa = PBXContainerItemProxy;
			containerPortal = B1320C4022DE407E00A38B16 /* Project object */;
			proxyType = 1;
			remoteGlobalIDString = B1320C4722DE407E00A38B16;
			remoteInfo = snapcycle;
		};
/* End PBXContainerItemProxy section */

/* Begin PBXFileReference section */
		1F73DA885CA6177D1517FD4D /* Pods-snapcycle.debug.xcconfig */ = {isa = PBXFileReference; includeInIndex = 1; lastKnownFileType = text.xcconfig; name = "Pods-snapcycle.debug.xcconfig"; path = "Target Support Files/Pods-snapcycle/Pods-snapcycle.debug.xcconfig"; sourceTree = "<group>"; };
		40228DBD9FA8C985853BE112 /* Pods_snapcycleTests.framework */ = {isa = PBXFileReference; explicitFileType = wrapper.framework; includeInIndex = 0; path = Pods_snapcycleTests.framework; sourceTree = BUILT_PRODUCTS_DIR; };
		59B548157ECDEB7F16DEA4FF /* Pods_snapcycle.framework */ = {isa = PBXFileReference; explicitFileType = wrapper.framework; includeInIndex = 0; path = Pods_snapcycle.framework; sourceTree = BUILT_PRODUCTS_DIR; };
		7D2433737C2BEBAD49CBD286 /* Pods-snapcycleTests.release.xcconfig */ = {isa = PBXFileReference; includeInIndex = 1; lastKnownFileType = text.xcconfig; name = "Pods-snapcycleTests.release.xcconfig"; path = "Target Support Files/Pods-snapcycleTests/Pods-snapcycleTests.release.xcconfig"; sourceTree = "<group>"; };
		844856EE22DFBF7100CC5600 /* CategoriesCell.h */ = {isa = PBXFileReference; lastKnownFileType = sourcecode.c.h; path = CategoriesCell.h; sourceTree = "<group>"; };
		844856EF22DFBF7100CC5600 /* CategoriesCell.m */ = {isa = PBXFileReference; lastKnownFileType = sourcecode.c.objc; path = CategoriesCell.m; sourceTree = "<group>"; };
		8479E90A22DE5C6B009174E7 /* Trash.h */ = {isa = PBXFileReference; lastKnownFileType = sourcecode.c.h; path = Trash.h; sourceTree = "<group>"; };
		8479E90B22DE5C6B009174E7 /* Trash.m */ = {isa = PBXFileReference; lastKnownFileType = sourcecode.c.objc; path = Trash.m; sourceTree = "<group>"; };
		8479E90D22DE5F90009174E7 /* Category.h */ = {isa = PBXFileReference; lastKnownFileType = sourcecode.c.h; path = Category.h; sourceTree = "<group>"; };
		8479E90E22DE5F90009174E7 /* Category.m */ = {isa = PBXFileReference; lastKnownFileType = sourcecode.c.objc; path = Category.m; sourceTree = "<group>"; };
		8479E91322DE638E009174E7 /* SnapUser.h */ = {isa = PBXFileReference; lastKnownFileType = sourcecode.c.h; path = SnapUser.h; sourceTree = "<group>"; };
		8479E91422DE638E009174E7 /* SnapUser.m */ = {isa = PBXFileReference; lastKnownFileType = sourcecode.c.objc; path = SnapUser.m; sourceTree = "<group>"; };
		84EC731722E62A2F00F37CA5 /* PhotoLogCell.h */ = {isa = PBXFileReference; lastKnownFileType = sourcecode.c.h; path = PhotoLogCell.h; sourceTree = "<group>"; };
		84EC731822E62A2F00F37CA5 /* PhotoLogCell.m */ = {isa = PBXFileReference; lastKnownFileType = sourcecode.c.objc; path = PhotoLogCell.m; sourceTree = "<group>"; };
		84FB4A3022EA2BF300F6FB95 /* PhotoPopUpViewController.h */ = {isa = PBXFileReference; lastKnownFileType = sourcecode.c.h; path = PhotoPopUpViewController.h; sourceTree = "<group>"; };
		84FB4A3122EA2BF300F6FB95 /* PhotoPopUpViewController.m */ = {isa = PBXFileReference; lastKnownFileType = sourcecode.c.objc; path = PhotoPopUpViewController.m; sourceTree = "<group>"; };
		84FD569B22EF9C1900C5DBED /* CoreLocation.framework */ = {isa = PBXFileReference; lastKnownFileType = wrapper.framework; name = CoreLocation.framework; path = System/Library/Frameworks/CoreLocation.framework; sourceTree = SDKROOT; };
		8EDE53E7A1B1342228638389 /* Pods-snapcycleTests.debug.xcconfig */ = {isa = PBXFileReference; includeInIndex = 1; lastKnownFileType = text.xcconfig; name = "Pods-snapcycleTests.debug.xcconfig"; path = "Target Support Files/Pods-snapcycleTests/Pods-snapcycleTests.debug.xcconfig"; sourceTree = "<group>"; };
		B11D301222E6248400CA1A36 /* Competition.h */ = {isa = PBXFileReference; lastKnownFileType = sourcecode.c.h; path = Competition.h; sourceTree = "<group>"; };
		B11D301322E6248400CA1A36 /* Competition.m */ = {isa = PBXFileReference; lastKnownFileType = sourcecode.c.objc; path = Competition.m; sourceTree = "<group>"; };
		B1320C4822DE407E00A38B16 /* snapcycle.app */ = {isa = PBXFileReference; explicitFileType = wrapper.application; includeInIndex = 0; path = snapcycle.app; sourceTree = BUILT_PRODUCTS_DIR; };
		B1320C4B22DE407E00A38B16 /* AppDelegate.h */ = {isa = PBXFileReference; lastKnownFileType = sourcecode.c.h; path = AppDelegate.h; sourceTree = "<group>"; };
		B1320C4C22DE407E00A38B16 /* AppDelegate.m */ = {isa = PBXFileReference; lastKnownFileType = sourcecode.c.objc; path = AppDelegate.m; sourceTree = "<group>"; };
		B1320C5222DE407E00A38B16 /* Base */ = {isa = PBXFileReference; lastKnownFileType = file.storyboard; name = Base; path = Base.lproj/Main.storyboard; sourceTree = "<group>"; };
		B1320C5422DE407E00A38B16 /* Assets.xcassets */ = {isa = PBXFileReference; lastKnownFileType = folder.assetcatalog; path = Assets.xcassets; sourceTree = "<group>"; };
		B1320C5722DE407E00A38B16 /* Base */ = {isa = PBXFileReference; lastKnownFileType = file.storyboard; name = Base; path = Base.lproj/LaunchScreen.storyboard; sourceTree = "<group>"; };
		B1320C5922DE407E00A38B16 /* Info.plist */ = {isa = PBXFileReference; lastKnownFileType = text.plist.xml; path = Info.plist; sourceTree = "<group>"; };
		B1320C5A22DE407E00A38B16 /* main.m */ = {isa = PBXFileReference; lastKnownFileType = sourcecode.c.objc; path = main.m; sourceTree = "<group>"; };
		B1320C6022DE407E00A38B16 /* snapcycleTests.xctest */ = {isa = PBXFileReference; explicitFileType = wrapper.cfbundle; includeInIndex = 0; path = snapcycleTests.xctest; sourceTree = BUILT_PRODUCTS_DIR; };
		B1320C6422DE407E00A38B16 /* snapcycleTests.m */ = {isa = PBXFileReference; lastKnownFileType = sourcecode.c.objc; path = snapcycleTests.m; sourceTree = "<group>"; };
		B1320C6622DE407E00A38B16 /* Info.plist */ = {isa = PBXFileReference; lastKnownFileType = text.plist.xml; path = Info.plist; sourceTree = "<group>"; };
		B1320C6B22DE407E00A38B16 /* snapcycleUITests.xctest */ = {isa = PBXFileReference; explicitFileType = wrapper.cfbundle; includeInIndex = 0; path = snapcycleUITests.xctest; sourceTree = BUILT_PRODUCTS_DIR; };
		B1320C6F22DE407E00A38B16 /* snapcycleUITests.m */ = {isa = PBXFileReference; lastKnownFileType = sourcecode.c.objc; path = snapcycleUITests.m; sourceTree = "<group>"; };
		B1320C7122DE407E00A38B16 /* Info.plist */ = {isa = PBXFileReference; lastKnownFileType = text.plist.xml; path = Info.plist; sourceTree = "<group>"; };
		B1320C7E22DE5BA200A38B16 /* LoginViewController.h */ = {isa = PBXFileReference; lastKnownFileType = sourcecode.c.h; path = LoginViewController.h; sourceTree = "<group>"; };
		B1320C7F22DE5BA200A38B16 /* LoginViewController.m */ = {isa = PBXFileReference; lastKnownFileType = sourcecode.c.objc; path = LoginViewController.m; sourceTree = "<group>"; };
		B1320C8122DE5BF700A38B16 /* RegisterViewController.h */ = {isa = PBXFileReference; lastKnownFileType = sourcecode.c.h; path = RegisterViewController.h; sourceTree = "<group>"; };
		B1320C8222DE5BF700A38B16 /* RegisterViewController.m */ = {isa = PBXFileReference; lastKnownFileType = sourcecode.c.objc; path = RegisterViewController.m; sourceTree = "<group>"; };
		B155009A22EA28A400FAFF8F /* CameraView.h */ = {isa = PBXFileReference; lastKnownFileType = sourcecode.c.h; path = CameraView.h; sourceTree = "<group>"; };
		B155009B22EA28A400FAFF8F /* CameraView.m */ = {isa = PBXFileReference; lastKnownFileType = sourcecode.c.objc; path = CameraView.m; sourceTree = "<group>"; };
		B16C81E922DE63C700E72713 /* CameraViewController.h */ = {isa = PBXFileReference; lastKnownFileType = sourcecode.c.h; path = CameraViewController.h; sourceTree = "<group>"; };
		B16C81EA22DE63C700E72713 /* CameraViewController.m */ = {isa = PBXFileReference; lastKnownFileType = sourcecode.c.objc; path = CameraViewController.m; sourceTree = "<group>"; };
		B16C81EC22DE641B00E72713 /* ProfileViewController.h */ = {isa = PBXFileReference; lastKnownFileType = sourcecode.c.h; path = ProfileViewController.h; sourceTree = "<group>"; };
		B16C81ED22DE641B00E72713 /* ProfileViewController.m */ = {isa = PBXFileReference; lastKnownFileType = sourcecode.c.objc; path = ProfileViewController.m; sourceTree = "<group>"; };
		B16C81EF22DE643B00E72713 /* CategoriesViewController.h */ = {isa = PBXFileReference; lastKnownFileType = sourcecode.c.h; path = CategoriesViewController.h; sourceTree = "<group>"; };
		B16C81F022DE643B00E72713 /* CategoriesViewController.m */ = {isa = PBXFileReference; lastKnownFileType = sourcecode.c.objc; path = CategoriesViewController.m; sourceTree = "<group>"; };
		B16C81F222DE70D800E72713 /* DetailsViewController.h */ = {isa = PBXFileReference; lastKnownFileType = sourcecode.c.h; path = DetailsViewController.h; sourceTree = "<group>"; };
		B16C81F322DE70D800E72713 /* DetailsViewController.m */ = {isa = PBXFileReference; lastKnownFileType = sourcecode.c.objc; path = DetailsViewController.m; sourceTree = "<group>"; };
		B19CD90522E923CE008F9782 /* SourceSansPro-Regular.otf */ = {isa = PBXFileReference; lastKnownFileType = file; path = "SourceSansPro-Regular.otf"; sourceTree = "<group>"; };
		B19CD90722E923EF008F9782 /* SourceSansPro-Light.otf */ = {isa = PBXFileReference; lastKnownFileType = file; path = "SourceSansPro-Light.otf"; sourceTree = "<group>"; };
		B19CD90922E923FA008F9782 /* SourceSansPro-Semibold.otf */ = {isa = PBXFileReference; lastKnownFileType = file; path = "SourceSansPro-Semibold.otf"; sourceTree = "<group>"; };
		B1B9EDCE22F0B22200C0A6F4 /* CompTabViewController.h */ = {isa = PBXFileReference; lastKnownFileType = sourcecode.c.h; path = CompTabViewController.h; sourceTree = "<group>"; };
		B1B9EDCF22F0B22200C0A6F4 /* CompTabViewController.m */ = {isa = PBXFileReference; lastKnownFileType = sourcecode.c.objc; path = CompTabViewController.m; sourceTree = "<group>"; };
		B1B9EDD722F0B6C100C0A6F4 /* TodayCompViewController.h */ = {isa = PBXFileReference; lastKnownFileType = sourcecode.c.h; path = TodayCompViewController.h; sourceTree = "<group>"; };
		B1B9EDD822F0B6C100C0A6F4 /* TodayCompViewController.m */ = {isa = PBXFileReference; lastKnownFileType = sourcecode.c.objc; path = TodayCompViewController.m; sourceTree = "<group>"; };
		B1B9EDDA22F0B6D100C0A6F4 /* YesterdayCompViewController.h */ = {isa = PBXFileReference; lastKnownFileType = sourcecode.c.h; path = YesterdayCompViewController.h; sourceTree = "<group>"; };
		B1B9EDDB22F0B6D100C0A6F4 /* YesterdayCompViewController.m */ = {isa = PBXFileReference; lastKnownFileType = sourcecode.c.objc; path = YesterdayCompViewController.m; sourceTree = "<group>"; };
		B1B9EDE022F0F11D00C0A6F4 /* CompTabSegControl.h */ = {isa = PBXFileReference; lastKnownFileType = sourcecode.c.h; path = CompTabSegControl.h; sourceTree = "<group>"; };
		B1B9EDE122F0F11D00C0A6F4 /* CompTabSegControl.m */ = {isa = PBXFileReference; lastKnownFileType = sourcecode.c.objc; path = CompTabSegControl.m; sourceTree = "<group>"; };
		B1E88DA222E7C48B004DB1F1 /* FocusFrame.h */ = {isa = PBXFileReference; lastKnownFileType = sourcecode.c.h; path = FocusFrame.h; sourceTree = "<group>"; };
		B1E88DA322E7C48B004DB1F1 /* FocusFrame.m */ = {isa = PBXFileReference; lastKnownFileType = sourcecode.c.objc; path = FocusFrame.m; sourceTree = "<group>"; };
		B3A07F9C47C7041ECE916776 /* Pods-snapcycle.release.xcconfig */ = {isa = PBXFileReference; includeInIndex = 1; lastKnownFileType = text.xcconfig; name = "Pods-snapcycle.release.xcconfig"; path = "Target Support Files/Pods-snapcycle/Pods-snapcycle.release.xcconfig"; sourceTree = "<group>"; };
		B69CB8A022E2438900F6C390 /* TabBarController.h */ = {isa = PBXFileReference; lastKnownFileType = sourcecode.c.h; path = TabBarController.h; sourceTree = "<group>"; };
		B69CB8A122E2438900F6C390 /* TabBarController.m */ = {isa = PBXFileReference; lastKnownFileType = sourcecode.c.objc; path = TabBarController.m; sourceTree = "<group>"; };
		B6CE94DC22EA50DD003B4732 /* CompetitionManager.h */ = {isa = PBXFileReference; lastKnownFileType = sourcecode.c.h; path = CompetitionManager.h; sourceTree = "<group>"; };
		B6CE94DD22EA50DD003B4732 /* CompetitionManager.m */ = {isa = PBXFileReference; lastKnownFileType = sourcecode.c.objc; path = CompetitionManager.m; sourceTree = "<group>"; };
		B6CE94DF22EB9A53003B4732 /* Badges.h */ = {isa = PBXFileReference; lastKnownFileType = sourcecode.c.h; path = Badges.h; sourceTree = "<group>"; };
		B6CE94E022EB9A53003B4732 /* Badges.m */ = {isa = PBXFileReference; lastKnownFileType = sourcecode.c.objc; path = Badges.m; sourceTree = "<group>"; };
		B6CED36F22E8D9160091B788 /* Competitor.h */ = {isa = PBXFileReference; lastKnownFileType = sourcecode.c.h; path = Competitor.h; sourceTree = "<group>"; };
		B6CED37022E8D9160091B788 /* Competitor.m */ = {isa = PBXFileReference; lastKnownFileType = sourcecode.c.objc; path = Competitor.m; sourceTree = "<group>"; };
		B6E4F2D322F0EE1000C8B2AD /* RankingCell.m */ = {isa = PBXFileReference; fileEncoding = 4; lastKnownFileType = sourcecode.c.objc; path = RankingCell.m; sourceTree = "<group>"; };
		B6E4F2D522F0EE1700C8B2AD /* RankingCell.h */ = {isa = PBXFileReference; lastKnownFileType = sourcecode.c.h; path = RankingCell.h; sourceTree = "<group>"; };
		B6E4F2D622F0EE1B00C8B2AD /* RankingXIB.xib */ = {isa = PBXFileReference; fileEncoding = 4; lastKnownFileType = file.xib; path = RankingXIB.xib; sourceTree = "<group>"; };
		B6E4F2D822F36A5100C8B2AD /* CompetitionInfoPopUpViewController.h */ = {isa = PBXFileReference; lastKnownFileType = sourcecode.c.h; path = CompetitionInfoPopUpViewController.h; sourceTree = "<group>"; };
		B6E4F2D922F36A5100C8B2AD /* CompetitionInfoPopUpViewController.m */ = {isa = PBXFileReference; lastKnownFileType = sourcecode.c.objc; path = CompetitionInfoPopUpViewController.m; sourceTree = "<group>"; };
		B6E4F2E422F3B87700C8B2AD /* TutorialViewController.h */ = {isa = PBXFileReference; fileEncoding = 4; lastKnownFileType = sourcecode.c.h; path = TutorialViewController.h; sourceTree = "<group>"; };
		B6E4F2E522F3B87700C8B2AD /* TutorialViewController.m */ = {isa = PBXFileReference; fileEncoding = 4; lastKnownFileType = sourcecode.c.objc; path = TutorialViewController.m; sourceTree = "<group>"; };
		B6E4F2E622F3B87700C8B2AD /* TutorialPageViewController.h */ = {isa = PBXFileReference; fileEncoding = 4; lastKnownFileType = sourcecode.c.h; path = TutorialPageViewController.h; sourceTree = "<group>"; };
		B6E4F2E722F3B87700C8B2AD /* TutChildViewController.m */ = {isa = PBXFileReference; fileEncoding = 4; lastKnownFileType = sourcecode.c.objc; name = TutChildViewController.m; path = "../../../untitled folder/TutChildViewController.m"; sourceTree = "<group>"; };
		B6E4F2E822F3B87700C8B2AD /* TutChildViewController.h */ = {isa = PBXFileReference; fileEncoding = 4; lastKnownFileType = sourcecode.c.h; path = TutChildViewController.h; sourceTree = "<group>"; };
		B6E4F2E922F3B87700C8B2AD /* TutorialPageViewController.m */ = {isa = PBXFileReference; fileEncoding = 4; lastKnownFileType = sourcecode.c.objc; name = TutorialPageViewController.m; path = "../../../untitled folder/TutorialPageViewController.m"; sourceTree = "<group>"; };
		C8136804A7D7CF45BE79F467 /* Pods-snapcycleUITests.debug.xcconfig */ = {isa = PBXFileReference; includeInIndex = 1; lastKnownFileType = text.xcconfig; name = "Pods-snapcycleUITests.debug.xcconfig"; path = "Target Support Files/Pods-snapcycleUITests/Pods-snapcycleUITests.debug.xcconfig"; sourceTree = "<group>"; };
		E041F324D7031C737648A917 /* Pods-snapcycleUITests.release.xcconfig */ = {isa = PBXFileReference; includeInIndex = 1; lastKnownFileType = text.xcconfig; name = "Pods-snapcycleUITests.release.xcconfig"; path = "Target Support Files/Pods-snapcycleUITests/Pods-snapcycleUITests.release.xcconfig"; sourceTree = "<group>"; };
		E392621CD0CD837554F3211B /* Pods_snapcycleUITests.framework */ = {isa = PBXFileReference; explicitFileType = wrapper.framework; includeInIndex = 0; path = Pods_snapcycleUITests.framework; sourceTree = BUILT_PRODUCTS_DIR; };
/* End PBXFileReference section */

/* Begin PBXFrameworksBuildPhase section */
		B1320C4522DE407E00A38B16 /* Frameworks */ = {
			isa = PBXFrameworksBuildPhase;
			buildActionMask = 2147483647;
			files = (
				84FD569C22EF9C1900C5DBED /* CoreLocation.framework in Frameworks */,
				32B1E4290ADE7E9489A9DC27 /* Pods_snapcycle.framework in Frameworks */,
			);
			runOnlyForDeploymentPostprocessing = 0;
		};
		B1320C5D22DE407E00A38B16 /* Frameworks */ = {
			isa = PBXFrameworksBuildPhase;
			buildActionMask = 2147483647;
			files = (
				20FA3C43968E6F98CFC57992 /* Pods_snapcycleTests.framework in Frameworks */,
			);
			runOnlyForDeploymentPostprocessing = 0;
		};
		B1320C6822DE407E00A38B16 /* Frameworks */ = {
			isa = PBXFrameworksBuildPhase;
			buildActionMask = 2147483647;
			files = (
				3610E8379548F00DD4A9937E /* Pods_snapcycleUITests.framework in Frameworks */,
			);
			runOnlyForDeploymentPostprocessing = 0;
		};
/* End PBXFrameworksBuildPhase section */

/* Begin PBXGroup section */
		35C2CCA3A3F0B8D3A1DEA813 /* Frameworks */ = {
			isa = PBXGroup;
			children = (
				84FD569B22EF9C1900C5DBED /* CoreLocation.framework */,
				59B548157ECDEB7F16DEA4FF /* Pods_snapcycle.framework */,
				40228DBD9FA8C985853BE112 /* Pods_snapcycleTests.framework */,
				E392621CD0CD837554F3211B /* Pods_snapcycleUITests.framework */,
			);
			name = Frameworks;
			sourceTree = "<group>";
		};
		3952631ABBF2426934FB6227 /* Pods */ = {
			isa = PBXGroup;
			children = (
				1F73DA885CA6177D1517FD4D /* Pods-snapcycle.debug.xcconfig */,
				B3A07F9C47C7041ECE916776 /* Pods-snapcycle.release.xcconfig */,
				8EDE53E7A1B1342228638389 /* Pods-snapcycleTests.debug.xcconfig */,
				7D2433737C2BEBAD49CBD286 /* Pods-snapcycleTests.release.xcconfig */,
				C8136804A7D7CF45BE79F467 /* Pods-snapcycleUITests.debug.xcconfig */,
				E041F324D7031C737648A917 /* Pods-snapcycleUITests.release.xcconfig */,
			);
			path = Pods;
			sourceTree = "<group>";
		};
		844856ED22DFBF5000CC5600 /* Views */ = {
			isa = PBXGroup;
			children = (
				844856EE22DFBF7100CC5600 /* CategoriesCell.h */,
				844856EF22DFBF7100CC5600 /* CategoriesCell.m */,
				84EC731722E62A2F00F37CA5 /* PhotoLogCell.h */,
				84EC731822E62A2F00F37CA5 /* PhotoLogCell.m */,
				B1E88DA222E7C48B004DB1F1 /* FocusFrame.h */,
				B1E88DA322E7C48B004DB1F1 /* FocusFrame.m */,
				B155009A22EA28A400FAFF8F /* CameraView.h */,
				B155009B22EA28A400FAFF8F /* CameraView.m */,
				B1B9EDE022F0F11D00C0A6F4 /* CompTabSegControl.h */,
				B1B9EDE122F0F11D00C0A6F4 /* CompTabSegControl.m */,
				B6E4F2D622F0EE1B00C8B2AD /* RankingXIB.xib */,
				B6E4F2D522F0EE1700C8B2AD /* RankingCell.h */,
				B6E4F2D322F0EE1000C8B2AD /* RankingCell.m */,
			);
			path = Views;
			sourceTree = "<group>";
		};
		8479E90922DE5B3F009174E7 /* Models */ = {
			isa = PBXGroup;
			children = (
				8479E90A22DE5C6B009174E7 /* Trash.h */,
				8479E90B22DE5C6B009174E7 /* Trash.m */,
				8479E90D22DE5F90009174E7 /* Category.h */,
				8479E90E22DE5F90009174E7 /* Category.m */,
				8479E91322DE638E009174E7 /* SnapUser.h */,
				8479E91422DE638E009174E7 /* SnapUser.m */,
				B11D301222E6248400CA1A36 /* Competition.h */,
				B11D301322E6248400CA1A36 /* Competition.m */,
				B6CED36F22E8D9160091B788 /* Competitor.h */,
				B6CED37022E8D9160091B788 /* Competitor.m */,
				B6CE94DF22EB9A53003B4732 /* Badges.h */,
				B6CE94E022EB9A53003B4732 /* Badges.m */,
			);
			path = Models;
			sourceTree = "<group>";
		};
		B1320C3F22DE407E00A38B16 = {
			isa = PBXGroup;
			children = (
				B1320C4A22DE407E00A38B16 /* snapcycle */,
				B1320C6322DE407E00A38B16 /* snapcycleTests */,
				B1320C6E22DE407E00A38B16 /* snapcycleUITests */,
				B1320C4922DE407E00A38B16 /* Products */,
				3952631ABBF2426934FB6227 /* Pods */,
				35C2CCA3A3F0B8D3A1DEA813 /* Frameworks */,
			);
			sourceTree = "<group>";
		};
		B1320C4922DE407E00A38B16 /* Products */ = {
			isa = PBXGroup;
			children = (
				B1320C4822DE407E00A38B16 /* snapcycle.app */,
				B1320C6022DE407E00A38B16 /* snapcycleTests.xctest */,
				B1320C6B22DE407E00A38B16 /* snapcycleUITests.xctest */,
			);
			name = Products;
			sourceTree = "<group>";
		};
		B1320C4A22DE407E00A38B16 /* snapcycle */ = {
			isa = PBXGroup;
			children = (
				B19CD90922E923FA008F9782 /* SourceSansPro-Semibold.otf */,
				B19CD90722E923EF008F9782 /* SourceSansPro-Light.otf */,
				B19CD90522E923CE008F9782 /* SourceSansPro-Regular.otf */,
				844856ED22DFBF5000CC5600 /* Views */,
				B1320C7D22DE5B8100A38B16 /* View Controllers */,
				8479E90922DE5B3F009174E7 /* Models */,
				B67AA2DD22DEA3900066464A /* Backend */,
				B1320C5122DE407E00A38B16 /* Main.storyboard */,
				B1320C5422DE407E00A38B16 /* Assets.xcassets */,
				B1320C5622DE407E00A38B16 /* LaunchScreen.storyboard */,
				B1320C5922DE407E00A38B16 /* Info.plist */,
				B1320C5A22DE407E00A38B16 /* main.m */,
			);
			path = snapcycle;
			sourceTree = "<group>";
		};
		B1320C6322DE407E00A38B16 /* snapcycleTests */ = {
			isa = PBXGroup;
			children = (
				B1320C6422DE407E00A38B16 /* snapcycleTests.m */,
				B1320C6622DE407E00A38B16 /* Info.plist */,
			);
			path = snapcycleTests;
			sourceTree = "<group>";
		};
		B1320C6E22DE407E00A38B16 /* snapcycleUITests */ = {
			isa = PBXGroup;
			children = (
				B1320C6F22DE407E00A38B16 /* snapcycleUITests.m */,
				B1320C7122DE407E00A38B16 /* Info.plist */,
			);
			path = snapcycleUITests;
			sourceTree = "<group>";
		};
		B1320C7D22DE5B8100A38B16 /* View Controllers */ = {
			isa = PBXGroup;
			children = (
				B1320C7E22DE5BA200A38B16 /* LoginViewController.h */,
				B1320C7F22DE5BA200A38B16 /* LoginViewController.m */,
				B1320C8122DE5BF700A38B16 /* RegisterViewController.h */,
				B1320C8222DE5BF700A38B16 /* RegisterViewController.m */,
				B16C81E922DE63C700E72713 /* CameraViewController.h */,
				B16C81EA22DE63C700E72713 /* CameraViewController.m */,
				B16C81EC22DE641B00E72713 /* ProfileViewController.h */,
				B16C81ED22DE641B00E72713 /* ProfileViewController.m */,
				B16C81EF22DE643B00E72713 /* CategoriesViewController.h */,
				B16C81F022DE643B00E72713 /* CategoriesViewController.m */,
				B16C81F222DE70D800E72713 /* DetailsViewController.h */,
				B16C81F322DE70D800E72713 /* DetailsViewController.m */,
				B69CB8A022E2438900F6C390 /* TabBarController.h */,
				B69CB8A122E2438900F6C390 /* TabBarController.m */,
				84FB4A3022EA2BF300F6FB95 /* PhotoPopUpViewController.h */,
				84FB4A3122EA2BF300F6FB95 /* PhotoPopUpViewController.m */,
				B1B9EDCE22F0B22200C0A6F4 /* CompTabViewController.h */,
				B1B9EDCF22F0B22200C0A6F4 /* CompTabViewController.m */,
				B1B9EDD722F0B6C100C0A6F4 /* TodayCompViewController.h */,
				B1B9EDD822F0B6C100C0A6F4 /* TodayCompViewController.m */,
				B1B9EDDA22F0B6D100C0A6F4 /* YesterdayCompViewController.h */,
				B1B9EDDB22F0B6D100C0A6F4 /* YesterdayCompViewController.m */,
				B6E4F2D822F36A5100C8B2AD /* CompetitionInfoPopUpViewController.h */,
				B6E4F2D922F36A5100C8B2AD /* CompetitionInfoPopUpViewController.m */,
				B6E4F2E822F3B87700C8B2AD /* TutChildViewController.h */,
				B6E4F2E722F3B87700C8B2AD /* TutChildViewController.m */,
				B6E4F2E622F3B87700C8B2AD /* TutorialPageViewController.h */,
				B6E4F2E922F3B87700C8B2AD /* TutorialPageViewController.m */,
				B6E4F2E422F3B87700C8B2AD /* TutorialViewController.h */,
				B6E4F2E522F3B87700C8B2AD /* TutorialViewController.m */,
			);
			path = "View Controllers";
			sourceTree = "<group>";
		};
		B67AA2DD22DEA3900066464A /* Backend */ = {
			isa = PBXGroup;
			children = (
				B1320C4B22DE407E00A38B16 /* AppDelegate.h */,
				B1320C4C22DE407E00A38B16 /* AppDelegate.m */,
				B6CE94DC22EA50DD003B4732 /* CompetitionManager.h */,
				B6CE94DD22EA50DD003B4732 /* CompetitionManager.m */,
			);
			path = Backend;
			sourceTree = "<group>";
		};
/* End PBXGroup section */

/* Begin PBXNativeTarget section */
		B1320C4722DE407E00A38B16 /* snapcycle */ = {
			isa = PBXNativeTarget;
			buildConfigurationList = B1320C7422DE407E00A38B16 /* Build configuration list for PBXNativeTarget "snapcycle" */;
			buildPhases = (
				55819CC7979BFBD6228FC198 /* [CP] Check Pods Manifest.lock */,
				B1320C4422DE407E00A38B16 /* Sources */,
				B1320C4522DE407E00A38B16 /* Frameworks */,
				B1320C4622DE407E00A38B16 /* Resources */,
				69059525E5079AA2E9EFD7B7 /* [CP] Embed Pods Frameworks */,
			);
			buildRules = (
			);
			dependencies = (
			);
			name = snapcycle;
			productName = snapcycle;
			productReference = B1320C4822DE407E00A38B16 /* snapcycle.app */;
			productType = "com.apple.product-type.application";
		};
		B1320C5F22DE407E00A38B16 /* snapcycleTests */ = {
			isa = PBXNativeTarget;
			buildConfigurationList = B1320C7722DE407E00A38B16 /* Build configuration list for PBXNativeTarget "snapcycleTests" */;
			buildPhases = (
				1EB11685C111281F42C979F7 /* [CP] Check Pods Manifest.lock */,
				B1320C5C22DE407E00A38B16 /* Sources */,
				B1320C5D22DE407E00A38B16 /* Frameworks */,
				B1320C5E22DE407E00A38B16 /* Resources */,
			);
			buildRules = (
			);
			dependencies = (
				B1320C6222DE407E00A38B16 /* PBXTargetDependency */,
			);
			name = snapcycleTests;
			productName = snapcycleTests;
			productReference = B1320C6022DE407E00A38B16 /* snapcycleTests.xctest */;
			productType = "com.apple.product-type.bundle.unit-test";
		};
		B1320C6A22DE407E00A38B16 /* snapcycleUITests */ = {
			isa = PBXNativeTarget;
			buildConfigurationList = B1320C7A22DE407E00A38B16 /* Build configuration list for PBXNativeTarget "snapcycleUITests" */;
			buildPhases = (
				511E44602ED162CD2160AA8A /* [CP] Check Pods Manifest.lock */,
				B1320C6722DE407E00A38B16 /* Sources */,
				B1320C6822DE407E00A38B16 /* Frameworks */,
				B1320C6922DE407E00A38B16 /* Resources */,
			);
			buildRules = (
			);
			dependencies = (
				B1320C6D22DE407E00A38B16 /* PBXTargetDependency */,
			);
			name = snapcycleUITests;
			productName = snapcycleUITests;
			productReference = B1320C6B22DE407E00A38B16 /* snapcycleUITests.xctest */;
			productType = "com.apple.product-type.bundle.ui-testing";
		};
/* End PBXNativeTarget section */

/* Begin PBXProject section */
		B1320C4022DE407E00A38B16 /* Project object */ = {
			isa = PBXProject;
			attributes = {
				LastUpgradeCheck = 1020;
				ORGANIZATIONNAME = "Quirky Quokkas";
				TargetAttributes = {
					B1320C4722DE407E00A38B16 = {
						CreatedOnToolsVersion = 10.2.1;
					};
					B1320C5F22DE407E00A38B16 = {
						CreatedOnToolsVersion = 10.2.1;
						TestTargetID = B1320C4722DE407E00A38B16;
					};
					B1320C6A22DE407E00A38B16 = {
						CreatedOnToolsVersion = 10.2.1;
						TestTargetID = B1320C4722DE407E00A38B16;
					};
				};
			};
			buildConfigurationList = B1320C4322DE407E00A38B16 /* Build configuration list for PBXProject "snapcycle" */;
			compatibilityVersion = "Xcode 9.3";
			developmentRegion = en;
			hasScannedForEncodings = 0;
			knownRegions = (
				en,
				Base,
			);
			mainGroup = B1320C3F22DE407E00A38B16;
			productRefGroup = B1320C4922DE407E00A38B16 /* Products */;
			projectDirPath = "";
			projectRoot = "";
			targets = (
				B1320C4722DE407E00A38B16 /* snapcycle */,
				B1320C5F22DE407E00A38B16 /* snapcycleTests */,
				B1320C6A22DE407E00A38B16 /* snapcycleUITests */,
			);
		};
/* End PBXProject section */

/* Begin PBXResourcesBuildPhase section */
		B1320C4622DE407E00A38B16 /* Resources */ = {
			isa = PBXResourcesBuildPhase;
			buildActionMask = 2147483647;
			files = (
				B19CD90622E923CE008F9782 /* SourceSansPro-Regular.otf in Resources */,
				B1320C5822DE407E00A38B16 /* LaunchScreen.storyboard in Resources */,
				B1320C5522DE407E00A38B16 /* Assets.xcassets in Resources */,
				B19CD90822E923EF008F9782 /* SourceSansPro-Light.otf in Resources */,
				B6E4F2D722F0EE1B00C8B2AD /* RankingXIB.xib in Resources */,
				B19CD90A22E923FA008F9782 /* SourceSansPro-Semibold.otf in Resources */,
				B1320C5322DE407E00A38B16 /* Main.storyboard in Resources */,
			);
			runOnlyForDeploymentPostprocessing = 0;
		};
		B1320C5E22DE407E00A38B16 /* Resources */ = {
			isa = PBXResourcesBuildPhase;
			buildActionMask = 2147483647;
			files = (
			);
			runOnlyForDeploymentPostprocessing = 0;
		};
		B1320C6922DE407E00A38B16 /* Resources */ = {
			isa = PBXResourcesBuildPhase;
			buildActionMask = 2147483647;
			files = (
			);
			runOnlyForDeploymentPostprocessing = 0;
		};
/* End PBXResourcesBuildPhase section */

/* Begin PBXShellScriptBuildPhase section */
		1EB11685C111281F42C979F7 /* [CP] Check Pods Manifest.lock */ = {
			isa = PBXShellScriptBuildPhase;
			buildActionMask = 2147483647;
			files = (
			);
			inputFileListPaths = (
			);
			inputPaths = (
				"${PODS_PODFILE_DIR_PATH}/Podfile.lock",
				"${PODS_ROOT}/Manifest.lock",
			);
			name = "[CP] Check Pods Manifest.lock";
			outputFileListPaths = (
			);
			outputPaths = (
				"$(DERIVED_FILE_DIR)/Pods-snapcycleTests-checkManifestLockResult.txt",
			);
			runOnlyForDeploymentPostprocessing = 0;
			shellPath = /bin/sh;
			shellScript = "diff \"${PODS_PODFILE_DIR_PATH}/Podfile.lock\" \"${PODS_ROOT}/Manifest.lock\" > /dev/null\nif [ $? != 0 ] ; then\n    # print error to STDERR\n    echo \"error: The sandbox is not in sync with the Podfile.lock. Run 'pod install' or update your CocoaPods installation.\" >&2\n    exit 1\nfi\n# This output is used by Xcode 'outputs' to avoid re-running this script phase.\necho \"SUCCESS\" > \"${SCRIPT_OUTPUT_FILE_0}\"\n";
			showEnvVarsInLog = 0;
		};
		511E44602ED162CD2160AA8A /* [CP] Check Pods Manifest.lock */ = {
			isa = PBXShellScriptBuildPhase;
			buildActionMask = 2147483647;
			files = (
			);
			inputFileListPaths = (
			);
			inputPaths = (
				"${PODS_PODFILE_DIR_PATH}/Podfile.lock",
				"${PODS_ROOT}/Manifest.lock",
			);
			name = "[CP] Check Pods Manifest.lock";
			outputFileListPaths = (
			);
			outputPaths = (
				"$(DERIVED_FILE_DIR)/Pods-snapcycleUITests-checkManifestLockResult.txt",
			);
			runOnlyForDeploymentPostprocessing = 0;
			shellPath = /bin/sh;
			shellScript = "diff \"${PODS_PODFILE_DIR_PATH}/Podfile.lock\" \"${PODS_ROOT}/Manifest.lock\" > /dev/null\nif [ $? != 0 ] ; then\n    # print error to STDERR\n    echo \"error: The sandbox is not in sync with the Podfile.lock. Run 'pod install' or update your CocoaPods installation.\" >&2\n    exit 1\nfi\n# This output is used by Xcode 'outputs' to avoid re-running this script phase.\necho \"SUCCESS\" > \"${SCRIPT_OUTPUT_FILE_0}\"\n";
			showEnvVarsInLog = 0;
		};
		55819CC7979BFBD6228FC198 /* [CP] Check Pods Manifest.lock */ = {
			isa = PBXShellScriptBuildPhase;
			buildActionMask = 2147483647;
			files = (
			);
			inputFileListPaths = (
			);
			inputPaths = (
				"${PODS_PODFILE_DIR_PATH}/Podfile.lock",
				"${PODS_ROOT}/Manifest.lock",
			);
			name = "[CP] Check Pods Manifest.lock";
			outputFileListPaths = (
			);
			outputPaths = (
				"$(DERIVED_FILE_DIR)/Pods-snapcycle-checkManifestLockResult.txt",
			);
			runOnlyForDeploymentPostprocessing = 0;
			shellPath = /bin/sh;
			shellScript = "diff \"${PODS_PODFILE_DIR_PATH}/Podfile.lock\" \"${PODS_ROOT}/Manifest.lock\" > /dev/null\nif [ $? != 0 ] ; then\n    # print error to STDERR\n    echo \"error: The sandbox is not in sync with the Podfile.lock. Run 'pod install' or update your CocoaPods installation.\" >&2\n    exit 1\nfi\n# This output is used by Xcode 'outputs' to avoid re-running this script phase.\necho \"SUCCESS\" > \"${SCRIPT_OUTPUT_FILE_0}\"\n";
			showEnvVarsInLog = 0;
		};
		69059525E5079AA2E9EFD7B7 /* [CP] Embed Pods Frameworks */ = {
			isa = PBXShellScriptBuildPhase;
			buildActionMask = 2147483647;
			files = (
			);
			inputFileListPaths = (
				"${PODS_ROOT}/Target Support Files/Pods-snapcycle/Pods-snapcycle-frameworks-${CONFIGURATION}-input-files.xcfilelist",
			);
			name = "[CP] Embed Pods Frameworks";
			outputFileListPaths = (
				"${PODS_ROOT}/Target Support Files/Pods-snapcycle/Pods-snapcycle-frameworks-${CONFIGURATION}-output-files.xcfilelist",
			);
			runOnlyForDeploymentPostprocessing = 0;
			shellPath = /bin/sh;
			shellScript = "\"${PODS_ROOT}/Target Support Files/Pods-snapcycle/Pods-snapcycle-frameworks.sh\"\n";
			showEnvVarsInLog = 0;
		};
/* End PBXShellScriptBuildPhase section */

/* Begin PBXSourcesBuildPhase section */
		B1320C4422DE407E00A38B16 /* Sources */ = {
			isa = PBXSourcesBuildPhase;
			buildActionMask = 2147483647;
			files = (
				B16C81EB22DE63C700E72713 /* CameraViewController.m in Sources */,
				8479E90C22DE5C6B009174E7 /* Trash.m in Sources */,
				84FB4A3222EA2BF300F6FB95 /* PhotoPopUpViewController.m in Sources */,
				B69CB8A222E2438900F6C390 /* TabBarController.m in Sources */,
				B6E4F2DA22F36A5100C8B2AD /* CompetitionInfoPopUpViewController.m in Sources */,
				8479E90F22DE5F90009174E7 /* Category.m in Sources */,
				B6CE94DE22EA50DD003B4732 /* CompetitionManager.m in Sources */,
				B6E4F2D422F0EE1000C8B2AD /* RankingCell.m in Sources */,
				B1320C5B22DE407E00A38B16 /* main.m in Sources */,
				B6E4F2EB22F3B87700C8B2AD /* TutChildViewController.m in Sources */,
				B155009C22EA28A400FAFF8F /* CameraView.m in Sources */,
				8479E91522DE638E009174E7 /* SnapUser.m in Sources */,
				844856F022DFBF7100CC5600 /* CategoriesCell.m in Sources */,
				B6CED37122E8D9160091B788 /* Competitor.m in Sources */,
				B1B9EDD022F0B22200C0A6F4 /* CompTabViewController.m in Sources */,
				B1B9EDD922F0B6C100C0A6F4 /* TodayCompViewController.m in Sources */,
				B6E4F2EA22F3B87700C8B2AD /* TutorialViewController.m in Sources */,
				B6CED37122E8D9160091B788 /* Competitor.m in Sources */,
				B1320C4D22DE407E00A38B16 /* AppDelegate.m in Sources */,
				B1E88DA422E7C48B004DB1F1 /* FocusFrame.m in Sources */,
				B16C81F122DE643B00E72713 /* CategoriesViewController.m in Sources */,
				B6CE94E122EB9A53003B4732 /* Badges.m in Sources */,
				84EC731922E62A2F00F37CA5 /* PhotoLogCell.m in Sources */,
				B1B9EDE222F0F11D00C0A6F4 /* CompTabSegControl.m in Sources */,
				B1B9EDDC22F0B6D100C0A6F4 /* YesterdayCompViewController.m in Sources */,
				B1320C8022DE5BA200A38B16 /* LoginViewController.m in Sources */,
				B16C81EE22DE641B00E72713 /* ProfileViewController.m in Sources */,
				B11D301422E6248400CA1A36 /* Competition.m in Sources */,
				B6E4F2EC22F3B87700C8B2AD /* TutorialPageViewController.m in Sources */,
				B1320C8322DE5BF700A38B16 /* RegisterViewController.m in Sources */,
				B16C81F422DE70D800E72713 /* DetailsViewController.m in Sources */,
			);
			runOnlyForDeploymentPostprocessing = 0;
		};
		B1320C5C22DE407E00A38B16 /* Sources */ = {
			isa = PBXSourcesBuildPhase;
			buildActionMask = 2147483647;
			files = (
				B1320C6522DE407E00A38B16 /* snapcycleTests.m in Sources */,
			);
			runOnlyForDeploymentPostprocessing = 0;
		};
		B1320C6722DE407E00A38B16 /* Sources */ = {
			isa = PBXSourcesBuildPhase;
			buildActionMask = 2147483647;
			files = (
				B1320C7022DE407E00A38B16 /* snapcycleUITests.m in Sources */,
			);
			runOnlyForDeploymentPostprocessing = 0;
		};
/* End PBXSourcesBuildPhase section */

/* Begin PBXTargetDependency section */
		B1320C6222DE407E00A38B16 /* PBXTargetDependency */ = {
			isa = PBXTargetDependency;
			target = B1320C4722DE407E00A38B16 /* snapcycle */;
			targetProxy = B1320C6122DE407E00A38B16 /* PBXContainerItemProxy */;
		};
		B1320C6D22DE407E00A38B16 /* PBXTargetDependency */ = {
			isa = PBXTargetDependency;
			target = B1320C4722DE407E00A38B16 /* snapcycle */;
			targetProxy = B1320C6C22DE407E00A38B16 /* PBXContainerItemProxy */;
		};
/* End PBXTargetDependency section */

/* Begin PBXVariantGroup section */
		B1320C5122DE407E00A38B16 /* Main.storyboard */ = {
			isa = PBXVariantGroup;
			children = (
				B1320C5222DE407E00A38B16 /* Base */,
			);
			name = Main.storyboard;
			sourceTree = "<group>";
		};
		B1320C5622DE407E00A38B16 /* LaunchScreen.storyboard */ = {
			isa = PBXVariantGroup;
			children = (
				B1320C5722DE407E00A38B16 /* Base */,
			);
			name = LaunchScreen.storyboard;
			sourceTree = "<group>";
		};
/* End PBXVariantGroup section */

/* Begin XCBuildConfiguration section */
		B1320C7222DE407E00A38B16 /* Debug */ = {
			isa = XCBuildConfiguration;
			buildSettings = {
				ALWAYS_SEARCH_USER_PATHS = NO;
				CLANG_ANALYZER_NONNULL = YES;
				CLANG_ANALYZER_NUMBER_OBJECT_CONVERSION = YES_AGGRESSIVE;
				CLANG_CXX_LANGUAGE_STANDARD = "gnu++14";
				CLANG_CXX_LIBRARY = "libc++";
				CLANG_ENABLE_MODULES = YES;
				CLANG_ENABLE_OBJC_ARC = YES;
				CLANG_ENABLE_OBJC_WEAK = YES;
				CLANG_WARN_BLOCK_CAPTURE_AUTORELEASING = YES;
				CLANG_WARN_BOOL_CONVERSION = YES;
				CLANG_WARN_COMMA = YES;
				CLANG_WARN_CONSTANT_CONVERSION = YES;
				CLANG_WARN_DEPRECATED_OBJC_IMPLEMENTATIONS = YES;
				CLANG_WARN_DIRECT_OBJC_ISA_USAGE = YES_ERROR;
				CLANG_WARN_DOCUMENTATION_COMMENTS = YES;
				CLANG_WARN_EMPTY_BODY = YES;
				CLANG_WARN_ENUM_CONVERSION = YES;
				CLANG_WARN_INFINITE_RECURSION = YES;
				CLANG_WARN_INT_CONVERSION = YES;
				CLANG_WARN_NON_LITERAL_NULL_CONVERSION = YES;
				CLANG_WARN_OBJC_IMPLICIT_RETAIN_SELF = YES;
				CLANG_WARN_OBJC_LITERAL_CONVERSION = YES;
				CLANG_WARN_OBJC_ROOT_CLASS = YES_ERROR;
				CLANG_WARN_RANGE_LOOP_ANALYSIS = YES;
				CLANG_WARN_STRICT_PROTOTYPES = YES;
				CLANG_WARN_SUSPICIOUS_MOVE = YES;
				CLANG_WARN_UNGUARDED_AVAILABILITY = YES_AGGRESSIVE;
				CLANG_WARN_UNREACHABLE_CODE = YES;
				CLANG_WARN__DUPLICATE_METHOD_MATCH = YES;
				CODE_SIGN_IDENTITY = "iPhone Developer";
				COPY_PHASE_STRIP = NO;
				DEBUG_INFORMATION_FORMAT = dwarf;
				ENABLE_STRICT_OBJC_MSGSEND = YES;
				ENABLE_TESTABILITY = YES;
				GCC_C_LANGUAGE_STANDARD = gnu11;
				GCC_DYNAMIC_NO_PIC = NO;
				GCC_NO_COMMON_BLOCKS = YES;
				GCC_OPTIMIZATION_LEVEL = 0;
				GCC_PREPROCESSOR_DEFINITIONS = (
					"DEBUG=1",
					"$(inherited)",
				);
				GCC_WARN_64_TO_32_BIT_CONVERSION = YES;
				GCC_WARN_ABOUT_RETURN_TYPE = YES_ERROR;
				GCC_WARN_UNDECLARED_SELECTOR = YES;
				GCC_WARN_UNINITIALIZED_AUTOS = YES_AGGRESSIVE;
				GCC_WARN_UNUSED_FUNCTION = YES;
				GCC_WARN_UNUSED_VARIABLE = YES;
				IPHONEOS_DEPLOYMENT_TARGET = 12.2;
				MTL_ENABLE_DEBUG_INFO = INCLUDE_SOURCE;
				MTL_FAST_MATH = YES;
				ONLY_ACTIVE_ARCH = YES;
				SDKROOT = iphoneos;
			};
			name = Debug;
		};
		B1320C7322DE407E00A38B16 /* Release */ = {
			isa = XCBuildConfiguration;
			buildSettings = {
				ALWAYS_SEARCH_USER_PATHS = NO;
				CLANG_ANALYZER_NONNULL = YES;
				CLANG_ANALYZER_NUMBER_OBJECT_CONVERSION = YES_AGGRESSIVE;
				CLANG_CXX_LANGUAGE_STANDARD = "gnu++14";
				CLANG_CXX_LIBRARY = "libc++";
				CLANG_ENABLE_MODULES = YES;
				CLANG_ENABLE_OBJC_ARC = YES;
				CLANG_ENABLE_OBJC_WEAK = YES;
				CLANG_WARN_BLOCK_CAPTURE_AUTORELEASING = YES;
				CLANG_WARN_BOOL_CONVERSION = YES;
				CLANG_WARN_COMMA = YES;
				CLANG_WARN_CONSTANT_CONVERSION = YES;
				CLANG_WARN_DEPRECATED_OBJC_IMPLEMENTATIONS = YES;
				CLANG_WARN_DIRECT_OBJC_ISA_USAGE = YES_ERROR;
				CLANG_WARN_DOCUMENTATION_COMMENTS = YES;
				CLANG_WARN_EMPTY_BODY = YES;
				CLANG_WARN_ENUM_CONVERSION = YES;
				CLANG_WARN_INFINITE_RECURSION = YES;
				CLANG_WARN_INT_CONVERSION = YES;
				CLANG_WARN_NON_LITERAL_NULL_CONVERSION = YES;
				CLANG_WARN_OBJC_IMPLICIT_RETAIN_SELF = YES;
				CLANG_WARN_OBJC_LITERAL_CONVERSION = YES;
				CLANG_WARN_OBJC_ROOT_CLASS = YES_ERROR;
				CLANG_WARN_RANGE_LOOP_ANALYSIS = YES;
				CLANG_WARN_STRICT_PROTOTYPES = YES;
				CLANG_WARN_SUSPICIOUS_MOVE = YES;
				CLANG_WARN_UNGUARDED_AVAILABILITY = YES_AGGRESSIVE;
				CLANG_WARN_UNREACHABLE_CODE = YES;
				CLANG_WARN__DUPLICATE_METHOD_MATCH = YES;
				CODE_SIGN_IDENTITY = "iPhone Developer";
				COPY_PHASE_STRIP = NO;
				DEBUG_INFORMATION_FORMAT = "dwarf-with-dsym";
				ENABLE_NS_ASSERTIONS = NO;
				ENABLE_STRICT_OBJC_MSGSEND = YES;
				GCC_C_LANGUAGE_STANDARD = gnu11;
				GCC_NO_COMMON_BLOCKS = YES;
				GCC_WARN_64_TO_32_BIT_CONVERSION = YES;
				GCC_WARN_ABOUT_RETURN_TYPE = YES_ERROR;
				GCC_WARN_UNDECLARED_SELECTOR = YES;
				GCC_WARN_UNINITIALIZED_AUTOS = YES_AGGRESSIVE;
				GCC_WARN_UNUSED_FUNCTION = YES;
				GCC_WARN_UNUSED_VARIABLE = YES;
				IPHONEOS_DEPLOYMENT_TARGET = 12.2;
				MTL_ENABLE_DEBUG_INFO = NO;
				MTL_FAST_MATH = YES;
				SDKROOT = iphoneos;
				VALIDATE_PRODUCT = YES;
			};
			name = Release;
		};
		B1320C7522DE407E00A38B16 /* Debug */ = {
			isa = XCBuildConfiguration;
			baseConfigurationReference = 1F73DA885CA6177D1517FD4D /* Pods-snapcycle.debug.xcconfig */;
			buildSettings = {
				ASSETCATALOG_COMPILER_APPICON_NAME = AppIcon;
				CODE_SIGN_STYLE = Automatic;
				DEVELOPMENT_TEAM = B9A2QRD9WC;
				INFOPLIST_FILE = snapcycle/Info.plist;
				LD_RUNPATH_SEARCH_PATHS = (
					"$(inherited)",
					"@executable_path/Frameworks",
				);
				PRODUCT_BUNDLE_IDENTIFIER = com.emilyabest.snapcycle;
				PRODUCT_NAME = "$(TARGET_NAME)";
				TARGETED_DEVICE_FAMILY = "1,2";
			};
			name = Debug;
		};
		B1320C7622DE407E00A38B16 /* Release */ = {
			isa = XCBuildConfiguration;
			baseConfigurationReference = B3A07F9C47C7041ECE916776 /* Pods-snapcycle.release.xcconfig */;
			buildSettings = {
				ASSETCATALOG_COMPILER_APPICON_NAME = AppIcon;
				CODE_SIGN_STYLE = Automatic;
				DEVELOPMENT_TEAM = B9A2QRD9WC;
				INFOPLIST_FILE = snapcycle/Info.plist;
				LD_RUNPATH_SEARCH_PATHS = (
					"$(inherited)",
					"@executable_path/Frameworks",
				);
				PRODUCT_BUNDLE_IDENTIFIER = com.emilyabest.snapcycle;
				PRODUCT_NAME = "$(TARGET_NAME)";
				TARGETED_DEVICE_FAMILY = "1,2";
			};
			name = Release;
		};
		B1320C7822DE407E00A38B16 /* Debug */ = {
			isa = XCBuildConfiguration;
			baseConfigurationReference = 8EDE53E7A1B1342228638389 /* Pods-snapcycleTests.debug.xcconfig */;
			buildSettings = {
				BUNDLE_LOADER = "$(TEST_HOST)";
				CODE_SIGN_STYLE = Automatic;
				INFOPLIST_FILE = snapcycleTests/Info.plist;
				LD_RUNPATH_SEARCH_PATHS = (
					"$(inherited)",
					"@executable_path/Frameworks",
					"@loader_path/Frameworks",
				);
				PRODUCT_BUNDLE_IDENTIFIER = com.QuirkyQuokkas.snapcycleTests;
				PRODUCT_NAME = "$(TARGET_NAME)";
				TARGETED_DEVICE_FAMILY = "1,2";
				TEST_HOST = "$(BUILT_PRODUCTS_DIR)/snapcycle.app/snapcycle";
			};
			name = Debug;
		};
		B1320C7922DE407E00A38B16 /* Release */ = {
			isa = XCBuildConfiguration;
			baseConfigurationReference = 7D2433737C2BEBAD49CBD286 /* Pods-snapcycleTests.release.xcconfig */;
			buildSettings = {
				BUNDLE_LOADER = "$(TEST_HOST)";
				CODE_SIGN_STYLE = Automatic;
				INFOPLIST_FILE = snapcycleTests/Info.plist;
				LD_RUNPATH_SEARCH_PATHS = (
					"$(inherited)",
					"@executable_path/Frameworks",
					"@loader_path/Frameworks",
				);
				PRODUCT_BUNDLE_IDENTIFIER = com.QuirkyQuokkas.snapcycleTests;
				PRODUCT_NAME = "$(TARGET_NAME)";
				TARGETED_DEVICE_FAMILY = "1,2";
				TEST_HOST = "$(BUILT_PRODUCTS_DIR)/snapcycle.app/snapcycle";
			};
			name = Release;
		};
		B1320C7B22DE407E00A38B16 /* Debug */ = {
			isa = XCBuildConfiguration;
			baseConfigurationReference = C8136804A7D7CF45BE79F467 /* Pods-snapcycleUITests.debug.xcconfig */;
			buildSettings = {
				CODE_SIGN_STYLE = Automatic;
				INFOPLIST_FILE = snapcycleUITests/Info.plist;
				LD_RUNPATH_SEARCH_PATHS = (
					"$(inherited)",
					"@executable_path/Frameworks",
					"@loader_path/Frameworks",
				);
				PRODUCT_BUNDLE_IDENTIFIER = com.QuirkyQuokkas.snapcycleUITests;
				PRODUCT_NAME = "$(TARGET_NAME)";
				TARGETED_DEVICE_FAMILY = "1,2";
				TEST_TARGET_NAME = snapcycle;
			};
			name = Debug;
		};
		B1320C7C22DE407E00A38B16 /* Release */ = {
			isa = XCBuildConfiguration;
			baseConfigurationReference = E041F324D7031C737648A917 /* Pods-snapcycleUITests.release.xcconfig */;
			buildSettings = {
				CODE_SIGN_STYLE = Automatic;
				INFOPLIST_FILE = snapcycleUITests/Info.plist;
				LD_RUNPATH_SEARCH_PATHS = (
					"$(inherited)",
					"@executable_path/Frameworks",
					"@loader_path/Frameworks",
				);
				PRODUCT_BUNDLE_IDENTIFIER = com.QuirkyQuokkas.snapcycleUITests;
				PRODUCT_NAME = "$(TARGET_NAME)";
				TARGETED_DEVICE_FAMILY = "1,2";
				TEST_TARGET_NAME = snapcycle;
			};
			name = Release;
		};
/* End XCBuildConfiguration section */

/* Begin XCConfigurationList section */
		B1320C4322DE407E00A38B16 /* Build configuration list for PBXProject "snapcycle" */ = {
			isa = XCConfigurationList;
			buildConfigurations = (
				B1320C7222DE407E00A38B16 /* Debug */,
				B1320C7322DE407E00A38B16 /* Release */,
			);
			defaultConfigurationIsVisible = 0;
			defaultConfigurationName = Release;
		};
		B1320C7422DE407E00A38B16 /* Build configuration list for PBXNativeTarget "snapcycle" */ = {
			isa = XCConfigurationList;
			buildConfigurations = (
				B1320C7522DE407E00A38B16 /* Debug */,
				B1320C7622DE407E00A38B16 /* Release */,
			);
			defaultConfigurationIsVisible = 0;
			defaultConfigurationName = Release;
		};
		B1320C7722DE407E00A38B16 /* Build configuration list for PBXNativeTarget "snapcycleTests" */ = {
			isa = XCConfigurationList;
			buildConfigurations = (
				B1320C7822DE407E00A38B16 /* Debug */,
				B1320C7922DE407E00A38B16 /* Release */,
			);
			defaultConfigurationIsVisible = 0;
			defaultConfigurationName = Release;
		};
		B1320C7A22DE407E00A38B16 /* Build configuration list for PBXNativeTarget "snapcycleUITests" */ = {
			isa = XCConfigurationList;
			buildConfigurations = (
				B1320C7B22DE407E00A38B16 /* Debug */,
				B1320C7C22DE407E00A38B16 /* Release */,
			);
			defaultConfigurationIsVisible = 0;
			defaultConfigurationName = Release;
		};
/* End XCConfigurationList section */
	};
	rootObject = B1320C4022DE407E00A38B16 /* Project object */;
}
